
Microsoft Visual Studio Solution File, Format Version 12.00
# Visual Studio Version 17
VisualStudioVersion = 17.0.31912.275
MinimumVisualStudioVersion = 10.0.40219.1
Project("{9A19103F-16F7-4668-BE54-9A1E7A4F7556}") = "app", "app\app.csproj", "{4CD3E910-5922-4935-91C1-1419C98EF906}"
EndProject
Project("{9A19103F-16F7-4668-BE54-9A1E7A4F7556}") = "infra.cache", "infra.cache\infra.cache.csproj", "{0633EAE1-BA1D-472C-AFDD-12AC1B365F1B}"
EndProject
Project("{9A19103F-16F7-4668-BE54-9A1E7A4F7556}") = "model", "model\model.csproj", "{99F35E79-B274-4B0E-8507-0D92FFB512A6}"
EndProject
Project("{E53339B2-1760-4266-BCC7-CA923CBCF16C}") = "docker-compose", "docker-compose.dcproj", "{395A687F-9424-43C2-94D0-5878D87B8A1C}"
EndProject
Project("{9A19103F-16F7-4668-BE54-9A1E7A4F7556}") = "infra.document", "infra.document\infra.document.csproj", "{EE75BFE0-4B91-4060-8591-16DB584E359B}"
EndProject
Project("{9A19103F-16F7-4668-BE54-9A1E7A4F7556}") = "infra.embed", "infra.embed\infra.embed.csproj", "{1087DB5F-062F-4AD6-A086-63D7A4D46FAB}"
EndProject
Project("{F2A71F9B-5D33-465A-A702-920D77279786}") = "infra.graph", "infra.graph\infra.graph.fsproj", "{F7218731-9370-48B1-A899-D3C22AFE8432}"
EndProject
Global
	GlobalSection(SolutionConfigurationPlatforms) = preSolution
		Debug|Any CPU = Debug|Any CPU
		Release|Any CPU = Release|Any CPU
	EndGlobalSection
	GlobalSection(ProjectConfigurationPlatforms) = postSolution
		{4CD3E910-5922-4935-91C1-1419C98EF906}.Debug|Any CPU.ActiveCfg = Debug|Any CPU
		{4CD3E910-5922-4935-91C1-1419C98EF906}.Debug|Any CPU.Build.0 = Debug|Any CPU
		{4CD3E910-5922-4935-91C1-1419C98EF906}.Release|Any CPU.ActiveCfg = Release|Any CPU
		{4CD3E910-5922-4935-91C1-1419C98EF906}.Release|Any CPU.Build.0 = Release|Any CPU
		{0633EAE1-BA1D-472C-AFDD-12AC1B365F1B}.Debug|Any CPU.ActiveCfg = Debug|Any CPU
		{0633EAE1-BA1D-472C-AFDD-12AC1B365F1B}.Debug|Any CPU.Build.0 = Debug|Any CPU
		{0633EAE1-BA1D-472C-AFDD-12AC1B365F1B}.Release|Any CPU.ActiveCfg = Release|Any CPU
		{0633EAE1-BA1D-472C-AFDD-12AC1B365F1B}.Release|Any CPU.Build.0 = Release|Any CPU
		{99F35E79-B274-4B0E-8507-0D92FFB512A6}.Debug|Any CPU.ActiveCfg = Debug|Any CPU
		{99F35E79-B274-4B0E-8507-0D92FFB512A6}.Debug|Any CPU.Build.0 = Debug|Any CPU
		{99F35E79-B274-4B0E-8507-0D92FFB512A6}.Release|Any CPU.ActiveCfg = Release|Any CPU
		{99F35E79-B274-4B0E-8507-0D92FFB512A6}.Release|Any CPU.Build.0 = Release|Any CPU
		{395A687F-9424-43C2-94D0-5878D87B8A1C}.Debug|Any CPU.ActiveCfg = Debug|Any CPU
		{395A687F-9424-43C2-94D0-5878D87B8A1C}.Debug|Any CPU.Build.0 = Debug|Any CPU
		{395A687F-9424-43C2-94D0-5878D87B8A1C}.Release|Any CPU.ActiveCfg = Release|Any CPU
		{395A687F-9424-43C2-94D0-5878D87B8A1C}.Release|Any CPU.Build.0 = Release|Any CPU
		{EE75BFE0-4B91-4060-8591-16DB584E359B}.Debug|Any CPU.ActiveCfg = Debug|Any CPU
		{EE75BFE0-4B91-4060-8591-16DB584E359B}.Debug|Any CPU.Build.0 = Debug|Any CPU
		{EE75BFE0-4B91-4060-8591-16DB584E359B}.Release|Any CPU.ActiveCfg = Release|Any CPU
		{EE75BFE0-4B91-4060-8591-16DB584E359B}.Release|Any CPU.Build.0 = Release|Any CPU
		{1087DB5F-062F-4AD6-A086-63D7A4D46FAB}.Debug|Any CPU.ActiveCfg = Debug|Any CPU
		{1087DB5F-062F-4AD6-A086-63D7A4D46FAB}.Debug|Any CPU.Build.0 = Debug|Any CPU
		{1087DB5F-062F-4AD6-A086-63D7A4D46FAB}.Release|Any CPU.ActiveCfg = Release|Any CPU
		{1087DB5F-062F-4AD6-A086-63D7A4D46FAB}.Release|Any CPU.Build.0 = Release|Any CPU
		{F7218731-9370-48B1-A899-D3C22AFE8432}.Debug|Any CPU.ActiveCfg = Debug|Any CPU
		{F7218731-9370-48B1-A899-D3C22AFE8432}.Debug|Any CPU.Build.0 = Debug|Any CPU
		{F7218731-9370-48B1-A899-D3C22AFE8432}.Release|Any CPU.ActiveCfg = Release|Any CPU
		{F7218731-9370-48B1-A899-D3C22AFE8432}.Release|Any CPU.Build.0 = Release|Any CPU
	EndGlobalSection
	GlobalSection(SolutionProperties) = preSolution
		HideSolutionNode = FALSE
	EndGlobalSection
	GlobalSection(ExtensibilityGlobals) = postSolution
		SolutionGuid = {E37512FF-B6D6-469E-A57D-A8074A5CAC0E}
	EndGlobalSection
EndGlobal
